
Microsoft Visual Studio Solution File, Format Version 12.00
# Visual Studio Version 16
VisualStudioVersion = 16.0.31911.196
MinimumVisualStudioVersion = 10.0.40219.1
Project("{FAE04EC0-301F-11D3-BF4B-00C04F79EFBC}") = "Aluno", "Aluno\Aluno.csproj", "{0F468B3E-3420-4248-A458-699BC80A6E83}"
EndProject
Global
	GlobalSection(SolutionConfigurationPlatforms) = preSolution
		Debug|Any CPU = Debug|Any CPU
		Release|Any CPU = Release|Any CPU
	EndGlobalSection
	GlobalSection(ProjectConfigurationPlatforms) = postSolution
		{0F468B3E-3420-4248-A458-699BC80A6E83}.Debug|Any CPU.ActiveCfg = Debug|Any CPU
		{0F468B3E-3420-4248-A458-699BC80A6E83}.Debug|Any CPU.Build.0 = Debug|Any CPU
		{0F468B3E-3420-4248-A458-699BC80A6E83}.Release|Any CPU.ActiveCfg = Release|Any CPU
		{0F468B3E-3420-4248-A458-699BC80A6E83}.Release|Any CPU.Build.0 = Release|Any CPU
	EndGlobalSection
	GlobalSection(SolutionProperties) = preSolution
		HideSolutionNode = FALSE
	EndGlobalSection
	GlobalSection(ExtensibilityGlobals) = postSolution
		SolutionGuid = {FC8F2387-50F1-4E42-AC2B-2704FF8D18F3}
	EndGlobalSection
EndGlobal
